// !$*UTF8*$!
{
	archiveVersion = 1;
	classes = {
	};
	objectVersion = 56;
	objects = {

/* Begin PBXBuildFile section */
		7412AAFC2BC83073005C0376 /* RecipeDataStore.swift in Sources */ = {isa = PBXBuildFile; fileRef = 7412AAFB2BC83073005C0376 /* RecipeDataStore.swift */; };
		743E8BC92BB9C02B00B51505 /* FavoriteListModel.swift in Sources */ = {isa = PBXBuildFile; fileRef = 743E8BC82BB9C02B00B51505 /* FavoriteListModel.swift */; };
		743F73982BB5DC840016EEDD /* CoreDataService.swift in Sources */ = {isa = PBXBuildFile; fileRef = 743F73972BB5DC840016EEDD /* CoreDataService.swift */; };
		743FCD6C2BBC4B3F0062D823 /* CoreDataServiceTest.swift in Sources */ = {isa = PBXBuildFile; fileRef = 743FCD6B2BBC4B3F0062D823 /* CoreDataServiceTest.swift */; };
		743FCD6E2BBC4B580062D823 /* SearchModelTest.swift in Sources */ = {isa = PBXBuildFile; fileRef = 743FCD6D2BBC4B580062D823 /* SearchModelTest.swift */; };
		743FCD722BBC4B850062D823 /* SearchDetailModel.swift in Sources */ = {isa = PBXBuildFile; fileRef = 743FCD712BBC4B850062D823 /* SearchDetailModel.swift */; };
		743FCD742BBC4B960062D823 /* FavoriteListModelTest.swift in Sources */ = {isa = PBXBuildFile; fileRef = 743FCD732BBC4B960062D823 /* FavoriteListModelTest.swift */; };
		743FCD762BBC4BA20062D823 /* FavoriteDetailModelTest.swift in Sources */ = {isa = PBXBuildFile; fileRef = 743FCD752BBC4BA20062D823 /* FavoriteDetailModelTest.swift */; };
		743FCD7B2BBC70610062D823 /* MockRecipes.json in Resources */ = {isa = PBXBuildFile; fileRef = 743FCD7A2BBC70610062D823 /* MockRecipes.json */; };
		7466972B2BCAD5D600A7C0E8 /* NetworkServiceTest.swift in Sources */ = {isa = PBXBuildFile; fileRef = 7466972A2BCAD5D600A7C0E8 /* NetworkServiceTest.swift */; };
		7466972D2BCAD61A00A7C0E8 /* SessionFakeProtocol.swift in Sources */ = {isa = PBXBuildFile; fileRef = 7466972C2BCAD61A00A7C0E8 /* SessionFakeProtocol.swift */; };
		74746ED62BBAD3DF0088F93E /* FavoriteDetailModel.swift in Sources */ = {isa = PBXBuildFile; fileRef = 74746ED52BBAD3DF0088F93E /* FavoriteDetailModel.swift */; };
		7479F6102BB4783700DC47E5 /* Main.storyboard in Resources */ = {isa = PBXBuildFile; fileRef = 74CA831F2BA8A548000B7139 /* Main.storyboard */; };
		7486A4EE2BB311B200DC41BC /* FavoriteListViewController.swift in Sources */ = {isa = PBXBuildFile; fileRef = 7486A4ED2BB311B200DC41BC /* FavoriteListViewController.swift */; };
		748E01D42BB5C8150042FD8D /* WebViewModel.swift in Sources */ = {isa = PBXBuildFile; fileRef = 748E01D32BB5C8150042FD8D /* WebViewModel.swift */; };
		74AB90F72BB482FC005DD16E /* SearchModel.swift in Sources */ = {isa = PBXBuildFile; fileRef = 74AB90F62BB482FC005DD16E /* SearchModel.swift */; };
		74AB90F92BB48302005DD16E /* SearchListModel.swift in Sources */ = {isa = PBXBuildFile; fileRef = 74AB90F82BB48302005DD16E /* SearchListModel.swift */; };
		74AB90FB2BB4830C005DD16E /* SearchDetailModel.swift in Sources */ = {isa = PBXBuildFile; fileRef = 74AB90FA2BB4830C005DD16E /* SearchDetailModel.swift */; };
		74B0C4D32BB08B4800D926D7 /* SearchViewController.swift in Sources */ = {isa = PBXBuildFile; fileRef = 74B0C4D22BB08B4800D926D7 /* SearchViewController.swift */; };
		74B0C4D52BB08B6500D926D7 /* SearchListViewController.swift in Sources */ = {isa = PBXBuildFile; fileRef = 74B0C4D42BB08B6500D926D7 /* SearchListViewController.swift */; };
		74B0C4D92BB08C9800D926D7 /* WebViewController.swift in Sources */ = {isa = PBXBuildFile; fileRef = 74B0C4D82BB08C9800D926D7 /* WebViewController.swift */; };
		74B0C4E62BB09D6C00D926D7 /* APIKey.swift in Sources */ = {isa = PBXBuildFile; fileRef = 74B0C4E02BB09D6B00D926D7 /* APIKey.swift */; };
		74B0C4E72BB09D6C00D926D7 /* NetworkConfiguration.swift in Sources */ = {isa = PBXBuildFile; fileRef = 74B0C4E12BB09D6C00D926D7 /* NetworkConfiguration.swift */; };
		74B0C4E82BB09D6C00D926D7 /* NetworkService.swift in Sources */ = {isa = PBXBuildFile; fileRef = 74B0C4E22BB09D6C00D926D7 /* NetworkService.swift */; };
		74B0C4E92BB09D6C00D926D7 /* RecipeQueryParameters.swift in Sources */ = {isa = PBXBuildFile; fileRef = 74B0C4E32BB09D6C00D926D7 /* RecipeQueryParameters.swift */; };
		74B0C4EA2BB09D6C00D926D7 /* EdamamSearch.swift in Sources */ = {isa = PBXBuildFile; fileRef = 74B0C4E52BB09D6C00D926D7 /* EdamamSearch.swift */; };
		74B0C4ED2BB09EC200D926D7 /* Alamofire in Frameworks */ = {isa = PBXBuildFile; productRef = 74B0C4EC2BB09EC200D926D7 /* Alamofire */; };
		74B0C4EF2BB1A98800D926D7 /* SearchDetailViewController.swift in Sources */ = {isa = PBXBuildFile; fileRef = 74B0C4EE2BB1A98800D926D7 /* SearchDetailViewController.swift */; };
		74BAB7B22BA9A2E7009144BE /* RecipeTableViewCell.xib in Resources */ = {isa = PBXBuildFile; fileRef = 74BAB7B12BA9A2E7009144BE /* RecipeTableViewCell.xib */; };
		74BAB7B32BA9A2E7009144BE /* RecipeTableViewCell.swift in Sources */ = {isa = PBXBuildFile; fileRef = 74BAB7B02BA9A2E7009144BE /* RecipeTableViewCell.swift */; };
		74CA831A2BA8A548000B7139 /* AppDelegate.swift in Sources */ = {isa = PBXBuildFile; fileRef = 74CA83192BA8A548000B7139 /* AppDelegate.swift */; };
		74CA831C2BA8A548000B7139 /* SceneDelegate.swift in Sources */ = {isa = PBXBuildFile; fileRef = 74CA831B2BA8A548000B7139 /* SceneDelegate.swift */; };
		74CA83232BA8A549000B7139 /* Assets.xcassets in Resources */ = {isa = PBXBuildFile; fileRef = 74CA83222BA8A549000B7139 /* Assets.xcassets */; };
		74CA83262BA8A549000B7139 /* Base in Resources */ = {isa = PBXBuildFile; fileRef = 74CA83252BA8A549000B7139 /* Base */; };
		74CA833B2BA8A54A000B7139 /* RecipleaseUITests.swift in Sources */ = {isa = PBXBuildFile; fileRef = 74CA833A2BA8A54A000B7139 /* RecipleaseUITests.swift */; };
		74CA833D2BA8A54A000B7139 /* RecipleaseUITestsLaunchTests.swift in Sources */ = {isa = PBXBuildFile; fileRef = 74CA833C2BA8A54A000B7139 /* RecipleaseUITestsLaunchTests.swift */; };
		74CA834F2BA8A886000B7139 /* Search.storyboard in Resources */ = {isa = PBXBuildFile; fileRef = 74CA834E2BA8A886000B7139 /* Search.storyboard */; };
		74CA83512BA8A894000B7139 /* Favorite.storyboard in Resources */ = {isa = PBXBuildFile; fileRef = 74CA83502BA8A894000B7139 /* Favorite.storyboard */; };
		74FB1C242BB5EB730014BD18 /* RecipeCoreDataModel.xcdatamodeld in Sources */ = {isa = PBXBuildFile; fileRef = 74FB1C222BB5EB730014BD18 /* RecipeCoreDataModel.xcdatamodeld */; };
		74FB8D022BB9ECB5005FCAD2 /* FavoriteDetailViewController.swift in Sources */ = {isa = PBXBuildFile; fileRef = 74FB8D012BB9ECB5005FCAD2 /* FavoriteDetailViewController.swift */; };
/* End PBXBuildFile section */

/* Begin PBXContainerItemProxy section */
		74CA832D2BA8A54A000B7139 /* PBXContainerItemProxy */ = {
			isa = PBXContainerItemProxy;
			containerPortal = 74CA830E2BA8A548000B7139 /* Project object */;
			proxyType = 1;
			remoteGlobalIDString = 74CA83152BA8A548000B7139;
			remoteInfo = Reciplease;
		};
		74CA83372BA8A54A000B7139 /* PBXContainerItemProxy */ = {
			isa = PBXContainerItemProxy;
			containerPortal = 74CA830E2BA8A548000B7139 /* Project object */;
			proxyType = 1;
			remoteGlobalIDString = 74CA83152BA8A548000B7139;
			remoteInfo = Reciplease;
		};
/* End PBXContainerItemProxy section */

/* Begin PBXFileReference section */
		7412AAFB2BC83073005C0376 /* RecipeDataStore.swift */ = {isa = PBXFileReference; lastKnownFileType = sourcecode.swift; path = RecipeDataStore.swift; sourceTree = "<group>"; };
		743E8BC82BB9C02B00B51505 /* FavoriteListModel.swift */ = {isa = PBXFileReference; lastKnownFileType = sourcecode.swift; path = FavoriteListModel.swift; sourceTree = "<group>"; };
		743F73972BB5DC840016EEDD /* CoreDataService.swift */ = {isa = PBXFileReference; lastKnownFileType = sourcecode.swift; path = CoreDataService.swift; sourceTree = "<group>"; };
		743FCD6B2BBC4B3F0062D823 /* CoreDataServiceTest.swift */ = {isa = PBXFileReference; lastKnownFileType = sourcecode.swift; path = CoreDataServiceTest.swift; sourceTree = "<group>"; };
		743FCD6D2BBC4B580062D823 /* SearchModelTest.swift */ = {isa = PBXFileReference; lastKnownFileType = sourcecode.swift; path = SearchModelTest.swift; sourceTree = "<group>"; };
		743FCD712BBC4B850062D823 /* SearchDetailModel.swift */ = {isa = PBXFileReference; lastKnownFileType = sourcecode.swift; path = SearchDetailModel.swift; sourceTree = "<group>"; };
		743FCD732BBC4B960062D823 /* FavoriteListModelTest.swift */ = {isa = PBXFileReference; lastKnownFileType = sourcecode.swift; path = FavoriteListModelTest.swift; sourceTree = "<group>"; };
		743FCD752BBC4BA20062D823 /* FavoriteDetailModelTest.swift */ = {isa = PBXFileReference; lastKnownFileType = sourcecode.swift; path = FavoriteDetailModelTest.swift; sourceTree = "<group>"; };
		743FCD7A2BBC70610062D823 /* MockRecipes.json */ = {isa = PBXFileReference; lastKnownFileType = text.json; path = MockRecipes.json; sourceTree = "<group>"; };
		7466972A2BCAD5D600A7C0E8 /* NetworkServiceTest.swift */ = {isa = PBXFileReference; lastKnownFileType = sourcecode.swift; path = NetworkServiceTest.swift; sourceTree = "<group>"; };
		7466972C2BCAD61A00A7C0E8 /* SessionFakeProtocol.swift */ = {isa = PBXFileReference; lastKnownFileType = sourcecode.swift; path = SessionFakeProtocol.swift; sourceTree = "<group>"; };
		74746ED52BBAD3DF0088F93E /* FavoriteDetailModel.swift */ = {isa = PBXFileReference; lastKnownFileType = sourcecode.swift; path = FavoriteDetailModel.swift; sourceTree = "<group>"; };
		7486A4ED2BB311B200DC41BC /* FavoriteListViewController.swift */ = {isa = PBXFileReference; lastKnownFileType = sourcecode.swift; path = FavoriteListViewController.swift; sourceTree = "<group>"; };
		748E01D32BB5C8150042FD8D /* WebViewModel.swift */ = {isa = PBXFileReference; lastKnownFileType = sourcecode.swift; path = WebViewModel.swift; sourceTree = "<group>"; };
		74AB90F62BB482FC005DD16E /* SearchModel.swift */ = {isa = PBXFileReference; lastKnownFileType = sourcecode.swift; path = SearchModel.swift; sourceTree = "<group>"; };
		74AB90F82BB48302005DD16E /* SearchListModel.swift */ = {isa = PBXFileReference; lastKnownFileType = sourcecode.swift; path = SearchListModel.swift; sourceTree = "<group>"; };
		74AB90FA2BB4830C005DD16E /* SearchDetailModel.swift */ = {isa = PBXFileReference; lastKnownFileType = sourcecode.swift; path = SearchDetailModel.swift; sourceTree = "<group>"; };
		74B0C4D22BB08B4800D926D7 /* SearchViewController.swift */ = {isa = PBXFileReference; lastKnownFileType = sourcecode.swift; path = SearchViewController.swift; sourceTree = "<group>"; };
		74B0C4D42BB08B6500D926D7 /* SearchListViewController.swift */ = {isa = PBXFileReference; lastKnownFileType = sourcecode.swift; path = SearchListViewController.swift; sourceTree = "<group>"; };
		74B0C4D82BB08C9800D926D7 /* WebViewController.swift */ = {isa = PBXFileReference; lastKnownFileType = sourcecode.swift; name = WebViewController.swift; path = Common/WebViewController.swift; sourceTree = "<group>"; };
		74B0C4E02BB09D6B00D926D7 /* APIKey.swift */ = {isa = PBXFileReference; fileEncoding = 4; lastKnownFileType = sourcecode.swift; path = APIKey.swift; sourceTree = "<group>"; };
		74B0C4E12BB09D6C00D926D7 /* NetworkConfiguration.swift */ = {isa = PBXFileReference; fileEncoding = 4; lastKnownFileType = sourcecode.swift; path = NetworkConfiguration.swift; sourceTree = "<group>"; };
		74B0C4E22BB09D6C00D926D7 /* NetworkService.swift */ = {isa = PBXFileReference; fileEncoding = 4; lastKnownFileType = sourcecode.swift; path = NetworkService.swift; sourceTree = "<group>"; };
		74B0C4E32BB09D6C00D926D7 /* RecipeQueryParameters.swift */ = {isa = PBXFileReference; fileEncoding = 4; lastKnownFileType = sourcecode.swift; path = RecipeQueryParameters.swift; sourceTree = "<group>"; };
		74B0C4E52BB09D6C00D926D7 /* EdamamSearch.swift */ = {isa = PBXFileReference; fileEncoding = 4; lastKnownFileType = sourcecode.swift; path = EdamamSearch.swift; sourceTree = "<group>"; };
		74B0C4EE2BB1A98800D926D7 /* SearchDetailViewController.swift */ = {isa = PBXFileReference; lastKnownFileType = sourcecode.swift; path = SearchDetailViewController.swift; sourceTree = "<group>"; };
		74BAB7B02BA9A2E7009144BE /* RecipeTableViewCell.swift */ = {isa = PBXFileReference; lastKnownFileType = sourcecode.swift; path = RecipeTableViewCell.swift; sourceTree = "<group>"; };
		74BAB7B12BA9A2E7009144BE /* RecipeTableViewCell.xib */ = {isa = PBXFileReference; lastKnownFileType = file.xib; path = RecipeTableViewCell.xib; sourceTree = "<group>"; };
		74CA83162BA8A548000B7139 /* Reciplease.app */ = {isa = PBXFileReference; explicitFileType = wrapper.application; includeInIndex = 0; path = Reciplease.app; sourceTree = BUILT_PRODUCTS_DIR; };
		74CA83192BA8A548000B7139 /* AppDelegate.swift */ = {isa = PBXFileReference; lastKnownFileType = sourcecode.swift; path = AppDelegate.swift; sourceTree = "<group>"; };
		74CA831B2BA8A548000B7139 /* SceneDelegate.swift */ = {isa = PBXFileReference; lastKnownFileType = sourcecode.swift; path = SceneDelegate.swift; sourceTree = "<group>"; };
		74CA83202BA8A548000B7139 /* Base */ = {isa = PBXFileReference; lastKnownFileType = file.storyboard; name = Base; path = Base.lproj/Main.storyboard; sourceTree = "<group>"; };
		74CA83222BA8A549000B7139 /* Assets.xcassets */ = {isa = PBXFileReference; lastKnownFileType = folder.assetcatalog; path = Assets.xcassets; sourceTree = "<group>"; };
		74CA83252BA8A549000B7139 /* Base */ = {isa = PBXFileReference; lastKnownFileType = file.storyboard; name = Base; path = Base.lproj/LaunchScreen.storyboard; sourceTree = "<group>"; };
		74CA83272BA8A549000B7139 /* Info.plist */ = {isa = PBXFileReference; lastKnownFileType = text.plist.xml; path = Info.plist; sourceTree = "<group>"; };
		74CA832C2BA8A54A000B7139 /* RecipleaseTests.xctest */ = {isa = PBXFileReference; explicitFileType = wrapper.cfbundle; includeInIndex = 0; path = RecipleaseTests.xctest; sourceTree = BUILT_PRODUCTS_DIR; };
		74CA83362BA8A54A000B7139 /* RecipleaseUITests.xctest */ = {isa = PBXFileReference; explicitFileType = wrapper.cfbundle; includeInIndex = 0; path = RecipleaseUITests.xctest; sourceTree = BUILT_PRODUCTS_DIR; };
		74CA833A2BA8A54A000B7139 /* RecipleaseUITests.swift */ = {isa = PBXFileReference; lastKnownFileType = sourcecode.swift; path = RecipleaseUITests.swift; sourceTree = "<group>"; };
		74CA833C2BA8A54A000B7139 /* RecipleaseUITestsLaunchTests.swift */ = {isa = PBXFileReference; lastKnownFileType = sourcecode.swift; path = RecipleaseUITestsLaunchTests.swift; sourceTree = "<group>"; };
		74CA834E2BA8A886000B7139 /* Search.storyboard */ = {isa = PBXFileReference; lastKnownFileType = file.storyboard; name = Search.storyboard; path = Reciplease/View/Search.storyboard; sourceTree = SOURCE_ROOT; };
		74CA83502BA8A894000B7139 /* Favorite.storyboard */ = {isa = PBXFileReference; lastKnownFileType = file.storyboard; name = Favorite.storyboard; path = Reciplease/View/Favorite.storyboard; sourceTree = SOURCE_ROOT; };
		74FB1C232BB5EB730014BD18 /* RecipeCoreDataModel.xcdatamodel */ = {isa = PBXFileReference; lastKnownFileType = wrapper.xcdatamodel; path = RecipeCoreDataModel.xcdatamodel; sourceTree = "<group>"; };
		74FB8D012BB9ECB5005FCAD2 /* FavoriteDetailViewController.swift */ = {isa = PBXFileReference; lastKnownFileType = sourcecode.swift; path = FavoriteDetailViewController.swift; sourceTree = "<group>"; };
/* End PBXFileReference section */

/* Begin PBXFrameworksBuildPhase section */
		74CA83132BA8A548000B7139 /* Frameworks */ = {
			isa = PBXFrameworksBuildPhase;
			buildActionMask = 2147483647;
			files = (
				74B0C4ED2BB09EC200D926D7 /* Alamofire in Frameworks */,
			);
			runOnlyForDeploymentPostprocessing = 0;
		};
		74CA83292BA8A54A000B7139 /* Frameworks */ = {
			isa = PBXFrameworksBuildPhase;
			buildActionMask = 2147483647;
			files = (
			);
			runOnlyForDeploymentPostprocessing = 0;
		};
		74CA83332BA8A54A000B7139 /* Frameworks */ = {
			isa = PBXFrameworksBuildPhase;
			buildActionMask = 2147483647;
			files = (
			);
			runOnlyForDeploymentPostprocessing = 0;
		};
/* End PBXFrameworksBuildPhase section */

/* Begin PBXGroup section */
		743F73962BB5DC4D0016EEDD /* CoreData */ = {
			isa = PBXGroup;
			children = (
				743F73972BB5DC840016EEDD /* CoreDataService.swift */,
				74FB1C222BB5EB730014BD18 /* RecipeCoreDataModel.xcdatamodeld */,
			);
			path = CoreData;
			sourceTree = "<group>";
		};
		743FCD772BBC4BBB0062D823 /* Search */ = {
			isa = PBXGroup;
			children = (
				743FCD6D2BBC4B580062D823 /* SearchModelTest.swift */,
				743FCD712BBC4B850062D823 /* SearchDetailModel.swift */,
				743FCD7A2BBC70610062D823 /* MockRecipes.json */,
			);
			path = Search;
			sourceTree = "<group>";
		};
		743FCD782BBC4BCF0062D823 /* Favorite */ = {
			isa = PBXGroup;
			children = (
				743FCD732BBC4B960062D823 /* FavoriteListModelTest.swift */,
				743FCD752BBC4BA20062D823 /* FavoriteDetailModelTest.swift */,
			);
			path = Favorite;
			sourceTree = "<group>";
		};
		743FCD792BBC5DC60062D823 /* CoreData */ = {
			isa = PBXGroup;
			children = (
				743FCD6B2BBC4B3F0062D823 /* CoreDataServiceTest.swift */,
			);
			path = CoreData;
			sourceTree = "<group>";
		};
		7479F6082BB4701F00DC47E5 /* Search */ = {
			isa = PBXGroup;
			children = (
				74AB90F62BB482FC005DD16E /* SearchModel.swift */,
				74AB90F82BB48302005DD16E /* SearchListModel.swift */,
				74AB90FA2BB4830C005DD16E /* SearchDetailModel.swift */,
			);
			path = Search;
			sourceTree = "<group>";
		};
		7479F6092BB4703E00DC47E5 /* Edamam */ = {
			isa = PBXGroup;
			children = (
				74B0C4E52BB09D6C00D926D7 /* EdamamSearch.swift */,
			);
			path = Edamam;
			sourceTree = "<group>";
		};
		7479F60A2BB4704A00DC47E5 /* Favorite */ = {
			isa = PBXGroup;
			children = (
				743E8BC82BB9C02B00B51505 /* FavoriteListModel.swift */,
				74746ED52BBAD3DF0088F93E /* FavoriteDetailModel.swift */,
			);
			path = Favorite;
			sourceTree = "<group>";
		};
		748E01D02BB5C74D0042FD8D /* WebView */ = {
			isa = PBXGroup;
			children = (
				748E01D32BB5C8150042FD8D /* WebViewModel.swift */,
			);
			path = WebView;
			sourceTree = "<group>";
		};
		74B0C4D62BB08B6B00D926D7 /* Search */ = {
			isa = PBXGroup;
			children = (
				74B0C4D22BB08B4800D926D7 /* SearchViewController.swift */,
				74B0C4D42BB08B6500D926D7 /* SearchListViewController.swift */,
				74B0C4EE2BB1A98800D926D7 /* SearchDetailViewController.swift */,
			);
			path = Search;
			sourceTree = "<group>";
		};
		74B0C4D72BB08B6F00D926D7 /* Favorite */ = {
			isa = PBXGroup;
			children = (
				7486A4ED2BB311B200DC41BC /* FavoriteListViewController.swift */,
				74FB8D012BB9ECB5005FCAD2 /* FavoriteDetailViewController.swift */,
			);
			path = Favorite;
			sourceTree = "<group>";
		};
		74B0C4E42BB09D6C00D926D7 /* Network */ = {
			isa = PBXGroup;
			children = (
				74B0C4E02BB09D6B00D926D7 /* APIKey.swift */,
				74B0C4E12BB09D6C00D926D7 /* NetworkConfiguration.swift */,
				74B0C4E22BB09D6C00D926D7 /* NetworkService.swift */,
				74B0C4E32BB09D6C00D926D7 /* RecipeQueryParameters.swift */,
			);
			path = Network;
			sourceTree = "<group>";
		};
		74BAB7AF2BA99F63009144BE /* CustomCell */ = {
			isa = PBXGroup;
			children = (
				74BAB7B02BA9A2E7009144BE /* RecipeTableViewCell.swift */,
				74BAB7B12BA9A2E7009144BE /* RecipeTableViewCell.xib */,
			);
			path = CustomCell;
			sourceTree = "<group>";
		};
		74CA830D2BA8A548000B7139 = {
			isa = PBXGroup;
			children = (
				74CA83182BA8A548000B7139 /* Reciplease */,
				74CA832F2BA8A54A000B7139 /* RecipleaseTests */,
				74CA83392BA8A54A000B7139 /* RecipleaseUITests */,
				74CA83172BA8A548000B7139 /* Products */,
			);
			sourceTree = "<group>";
		};
		74CA83172BA8A548000B7139 /* Products */ = {
			isa = PBXGroup;
			children = (
				74CA83162BA8A548000B7139 /* Reciplease.app */,
				74CA832C2BA8A54A000B7139 /* RecipleaseTests.xctest */,
				74CA83362BA8A54A000B7139 /* RecipleaseUITests.xctest */,
			);
			name = Products;
			sourceTree = "<group>";
		};
		74CA83182BA8A548000B7139 /* Reciplease */ = {
			isa = PBXGroup;
			children = (
				74CA83492BA8A5E2000B7139 /* ApplicationLifeCycle */,
				74CA834A2BA8A5F5000B7139 /* Model */,
				74CA834C2BA8A600000B7139 /* ViewController */,
				74CA834B2BA8A5FA000B7139 /* View */,
				74CA834D2BA8A614000B7139 /* Ressource */,
			);
			path = Reciplease;
			sourceTree = "<group>";
		};
		74CA832F2BA8A54A000B7139 /* RecipleaseTests */ = {
			isa = PBXGroup;
			children = (
				743FCD772BBC4BBB0062D823 /* Search */,
				743FCD782BBC4BCF0062D823 /* Favorite */,
				743FCD792BBC5DC60062D823 /* CoreData */,
				7466972A2BCAD5D600A7C0E8 /* NetworkServiceTest.swift */,
				7466972C2BCAD61A00A7C0E8 /* SessionFakeProtocol.swift */,
			);
			path = RecipleaseTests;
			sourceTree = "<group>";
		};
		74CA83392BA8A54A000B7139 /* RecipleaseUITests */ = {
			isa = PBXGroup;
			children = (
				74CA833A2BA8A54A000B7139 /* RecipleaseUITests.swift */,
				74CA833C2BA8A54A000B7139 /* RecipleaseUITestsLaunchTests.swift */,
			);
			path = RecipleaseUITests;
			sourceTree = "<group>";
		};
		74CA83492BA8A5E2000B7139 /* ApplicationLifeCycle */ = {
			isa = PBXGroup;
			children = (
				74CA83192BA8A548000B7139 /* AppDelegate.swift */,
				74CA831B2BA8A548000B7139 /* SceneDelegate.swift */,
			);
			path = ApplicationLifeCycle;
			sourceTree = "<group>";
		};
		74CA834A2BA8A5F5000B7139 /* Model */ = {
			isa = PBXGroup;
			children = (
				743F73962BB5DC4D0016EEDD /* CoreData */,
				748E01D02BB5C74D0042FD8D /* WebView */,
				74B0C4E42BB09D6C00D926D7 /* Network */,
				7479F6082BB4701F00DC47E5 /* Search */,
				7479F60A2BB4704A00DC47E5 /* Favorite */,
				7479F6092BB4703E00DC47E5 /* Edamam */,
				7412AAFB2BC83073005C0376 /* RecipeDataStore.swift */,
			);
			path = Model;
			sourceTree = "<group>";
		};
		74CA834B2BA8A5FA000B7139 /* View */ = {
			isa = PBXGroup;
			children = (
				74CA831F2BA8A548000B7139 /* Main.storyboard */,
				74CA83242BA8A549000B7139 /* LaunchScreen.storyboard */,
				74BAB7AF2BA99F63009144BE /* CustomCell */,
				74CA83502BA8A894000B7139 /* Favorite.storyboard */,
				74CA834E2BA8A886000B7139 /* Search.storyboard */,
			);
			path = View;
			sourceTree = "<group>";
		};
		74CA834C2BA8A600000B7139 /* ViewController */ = {
			isa = PBXGroup;
			children = (
				74B0C4D62BB08B6B00D926D7 /* Search */,
				74B0C4D72BB08B6F00D926D7 /* Favorite */,
				74B0C4D82BB08C9800D926D7 /* WebViewController.swift */,
			);
			path = ViewController;
			sourceTree = "<group>";
		};
		74CA834D2BA8A614000B7139 /* Ressource */ = {
			isa = PBXGroup;
			children = (
				74CA83222BA8A549000B7139 /* Assets.xcassets */,
				74CA83272BA8A549000B7139 /* Info.plist */,
			);
			path = Ressource;
			sourceTree = "<group>";
		};
/* End PBXGroup section */

/* Begin PBXNativeTarget section */
		74CA83152BA8A548000B7139 /* Reciplease */ = {
			isa = PBXNativeTarget;
			buildConfigurationList = 74CA83402BA8A54A000B7139 /* Build configuration list for PBXNativeTarget "Reciplease" */;
			buildPhases = (
				74CA83122BA8A548000B7139 /* Sources */,
				74CA83132BA8A548000B7139 /* Frameworks */,
				74CA83142BA8A548000B7139 /* Resources */,
			);
			buildRules = (
			);
			dependencies = (
			);
			name = Reciplease;
			packageProductDependencies = (
				74B0C4EC2BB09EC200D926D7 /* Alamofire */,
			);
			productName = Reciplease;
			productReference = 74CA83162BA8A548000B7139 /* Reciplease.app */;
			productType = "com.apple.product-type.application";
		};
		74CA832B2BA8A54A000B7139 /* RecipleaseTests */ = {
			isa = PBXNativeTarget;
			buildConfigurationList = 74CA83432BA8A54A000B7139 /* Build configuration list for PBXNativeTarget "RecipleaseTests" */;
			buildPhases = (
				74CA83282BA8A54A000B7139 /* Sources */,
				74CA83292BA8A54A000B7139 /* Frameworks */,
				74CA832A2BA8A54A000B7139 /* Resources */,
			);
			buildRules = (
			);
			dependencies = (
				74CA832E2BA8A54A000B7139 /* PBXTargetDependency */,
			);
			name = RecipleaseTests;
			productName = RecipleaseTests;
			productReference = 74CA832C2BA8A54A000B7139 /* RecipleaseTests.xctest */;
			productType = "com.apple.product-type.bundle.unit-test";
		};
		74CA83352BA8A54A000B7139 /* RecipleaseUITests */ = {
			isa = PBXNativeTarget;
			buildConfigurationList = 74CA83462BA8A54A000B7139 /* Build configuration list for PBXNativeTarget "RecipleaseUITests" */;
			buildPhases = (
				74CA83322BA8A54A000B7139 /* Sources */,
				74CA83332BA8A54A000B7139 /* Frameworks */,
				74CA83342BA8A54A000B7139 /* Resources */,
			);
			buildRules = (
			);
			dependencies = (
				74CA83382BA8A54A000B7139 /* PBXTargetDependency */,
			);
			name = RecipleaseUITests;
			productName = RecipleaseUITests;
			productReference = 74CA83362BA8A54A000B7139 /* RecipleaseUITests.xctest */;
			productType = "com.apple.product-type.bundle.ui-testing";
		};
/* End PBXNativeTarget section */

/* Begin PBXProject section */
		74CA830E2BA8A548000B7139 /* Project object */ = {
			isa = PBXProject;
			attributes = {
				BuildIndependentTargetsInParallel = 1;
				LastSwiftUpdateCheck = 1530;
				LastUpgradeCheck = 1530;
				TargetAttributes = {
					74CA83152BA8A548000B7139 = {
						CreatedOnToolsVersion = 15.3;
					};
					74CA832B2BA8A54A000B7139 = {
						CreatedOnToolsVersion = 15.3;
						TestTargetID = 74CA83152BA8A548000B7139;
					};
					74CA83352BA8A54A000B7139 = {
						CreatedOnToolsVersion = 15.3;
						TestTargetID = 74CA83152BA8A548000B7139;
					};
				};
			};
			buildConfigurationList = 74CA83112BA8A548000B7139 /* Build configuration list for PBXProject "Reciplease" */;
			compatibilityVersion = "Xcode 14.0";
			developmentRegion = en;
			hasScannedForEncodings = 0;
			knownRegions = (
				en,
				Base,
			);
			mainGroup = 74CA830D2BA8A548000B7139;
			packageReferences = (
				74B0C4EB2BB09EC200D926D7 /* XCRemoteSwiftPackageReference "Alamofire" */,
			);
			productRefGroup = 74CA83172BA8A548000B7139 /* Products */;
			projectDirPath = "";
			projectRoot = "";
			targets = (
				74CA83152BA8A548000B7139 /* Reciplease */,
				74CA832B2BA8A54A000B7139 /* RecipleaseTests */,
				74CA83352BA8A54A000B7139 /* RecipleaseUITests */,
			);
		};
/* End PBXProject section */

/* Begin PBXResourcesBuildPhase section */
		74CA83142BA8A548000B7139 /* Resources */ = {
			isa = PBXResourcesBuildPhase;
			buildActionMask = 2147483647;
			files = (
				7479F6102BB4783700DC47E5 /* Main.storyboard in Resources */,
				74BAB7B22BA9A2E7009144BE /* RecipeTableViewCell.xib in Resources */,
				74CA83232BA8A549000B7139 /* Assets.xcassets in Resources */,
				74CA83262BA8A549000B7139 /* Base in Resources */,
				74CA834F2BA8A886000B7139 /* Search.storyboard in Resources */,
				74CA83512BA8A894000B7139 /* Favorite.storyboard in Resources */,
			);
			runOnlyForDeploymentPostprocessing = 0;
		};
		74CA832A2BA8A54A000B7139 /* Resources */ = {
			isa = PBXResourcesBuildPhase;
			buildActionMask = 2147483647;
			files = (
				743FCD7B2BBC70610062D823 /* MockRecipes.json in Resources */,
			);
			runOnlyForDeploymentPostprocessing = 0;
		};
		74CA83342BA8A54A000B7139 /* Resources */ = {
			isa = PBXResourcesBuildPhase;
			buildActionMask = 2147483647;
			files = (
			);
			runOnlyForDeploymentPostprocessing = 0;
		};
/* End PBXResourcesBuildPhase section */

/* Begin PBXSourcesBuildPhase section */
		74CA83122BA8A548000B7139 /* Sources */ = {
			isa = PBXSourcesBuildPhase;
			buildActionMask = 2147483647;
			files = (
				74B0C4D32BB08B4800D926D7 /* SearchViewController.swift in Sources */,
				74B0C4EA2BB09D6C00D926D7 /* EdamamSearch.swift in Sources */,
				74B0C4E62BB09D6C00D926D7 /* APIKey.swift in Sources */,
				743E8BC92BB9C02B00B51505 /* FavoriteListModel.swift in Sources */,
				74AB90F72BB482FC005DD16E /* SearchModel.swift in Sources */,
				74BAB7B32BA9A2E7009144BE /* RecipeTableViewCell.swift in Sources */,
				74CA831A2BA8A548000B7139 /* AppDelegate.swift in Sources */,
				74B0C4E82BB09D6C00D926D7 /* NetworkService.swift in Sources */,
				74746ED62BBAD3DF0088F93E /* FavoriteDetailModel.swift in Sources */,
				748E01D42BB5C8150042FD8D /* WebViewModel.swift in Sources */,
				74AB90FB2BB4830C005DD16E /* SearchDetailModel.swift in Sources */,
				7412AAFC2BC83073005C0376 /* RecipeDataStore.swift in Sources */,
				7486A4EE2BB311B200DC41BC /* FavoriteListViewController.swift in Sources */,
				74B0C4D92BB08C9800D926D7 /* WebViewController.swift in Sources */,
				74B0C4D52BB08B6500D926D7 /* SearchListViewController.swift in Sources */,
				743F73982BB5DC840016EEDD /* CoreDataService.swift in Sources */,
				74CA831C2BA8A548000B7139 /* SceneDelegate.swift in Sources */,
				74B0C4E92BB09D6C00D926D7 /* RecipeQueryParameters.swift in Sources */,
				74FB1C242BB5EB730014BD18 /* RecipeCoreDataModel.xcdatamodeld in Sources */,
				74AB90F92BB48302005DD16E /* SearchListModel.swift in Sources */,
				74FB8D022BB9ECB5005FCAD2 /* FavoriteDetailViewController.swift in Sources */,
				74B0C4EF2BB1A98800D926D7 /* SearchDetailViewController.swift in Sources */,
				74B0C4E72BB09D6C00D926D7 /* NetworkConfiguration.swift in Sources */,
			);
			runOnlyForDeploymentPostprocessing = 0;
		};
		74CA83282BA8A54A000B7139 /* Sources */ = {
			isa = PBXSourcesBuildPhase;
			buildActionMask = 2147483647;
			files = (
				7466972B2BCAD5D600A7C0E8 /* NetworkServiceTest.swift in Sources */,
				743FCD722BBC4B850062D823 /* SearchDetailModel.swift in Sources */,
				743FCD6C2BBC4B3F0062D823 /* CoreDataServiceTest.swift in Sources */,
				743FCD742BBC4B960062D823 /* FavoriteListModelTest.swift in Sources */,
				743FCD6E2BBC4B580062D823 /* SearchModelTest.swift in Sources */,
				743FCD762BBC4BA20062D823 /* FavoriteDetailModelTest.swift in Sources */,
				7466972D2BCAD61A00A7C0E8 /* SessionFakeProtocol.swift in Sources */,
			);
			runOnlyForDeploymentPostprocessing = 0;
		};
		74CA83322BA8A54A000B7139 /* Sources */ = {
			isa = PBXSourcesBuildPhase;
			buildActionMask = 2147483647;
			files = (
				74CA833B2BA8A54A000B7139 /* RecipleaseUITests.swift in Sources */,
				74CA833D2BA8A54A000B7139 /* RecipleaseUITestsLaunchTests.swift in Sources */,
			);
			runOnlyForDeploymentPostprocessing = 0;
		};
/* End PBXSourcesBuildPhase section */

/* Begin PBXTargetDependency section */
		74CA832E2BA8A54A000B7139 /* PBXTargetDependency */ = {
			isa = PBXTargetDependency;
			target = 74CA83152BA8A548000B7139 /* Reciplease */;
			targetProxy = 74CA832D2BA8A54A000B7139 /* PBXContainerItemProxy */;
		};
		74CA83382BA8A54A000B7139 /* PBXTargetDependency */ = {
			isa = PBXTargetDependency;
			target = 74CA83152BA8A548000B7139 /* Reciplease */;
			targetProxy = 74CA83372BA8A54A000B7139 /* PBXContainerItemProxy */;
		};
/* End PBXTargetDependency section */

/* Begin PBXVariantGroup section */
		74CA831F2BA8A548000B7139 /* Main.storyboard */ = {
			isa = PBXVariantGroup;
			children = (
				74CA83202BA8A548000B7139 /* Base */,
			);
			name = Main.storyboard;
			sourceTree = "<group>";
		};
		74CA83242BA8A549000B7139 /* LaunchScreen.storyboard */ = {
			isa = PBXVariantGroup;
			children = (
				74CA83252BA8A549000B7139 /* Base */,
			);
			name = LaunchScreen.storyboard;
			sourceTree = "<group>";
		};
/* End PBXVariantGroup section */

/* Begin XCBuildConfiguration section */
		74CA833E2BA8A54A000B7139 /* Debug */ = {
			isa = XCBuildConfiguration;
			buildSettings = {
				ALWAYS_SEARCH_USER_PATHS = NO;
				ASSETCATALOG_COMPILER_GENERATE_SWIFT_ASSET_SYMBOL_EXTENSIONS = YES;
				CLANG_ANALYZER_NONNULL = YES;
				CLANG_ANALYZER_NUMBER_OBJECT_CONVERSION = YES_AGGRESSIVE;
				CLANG_CXX_LANGUAGE_STANDARD = "gnu++20";
				CLANG_ENABLE_MODULES = YES;
				CLANG_ENABLE_OBJC_ARC = YES;
				CLANG_ENABLE_OBJC_WEAK = YES;
				CLANG_WARN_BLOCK_CAPTURE_AUTORELEASING = YES;
				CLANG_WARN_BOOL_CONVERSION = YES;
				CLANG_WARN_COMMA = YES;
				CLANG_WARN_CONSTANT_CONVERSION = YES;
				CLANG_WARN_DEPRECATED_OBJC_IMPLEMENTATIONS = YES;
				CLANG_WARN_DIRECT_OBJC_ISA_USAGE = YES_ERROR;
				CLANG_WARN_DOCUMENTATION_COMMENTS = YES;
				CLANG_WARN_EMPTY_BODY = YES;
				CLANG_WARN_ENUM_CONVERSION = YES;
				CLANG_WARN_INFINITE_RECURSION = YES;
				CLANG_WARN_INT_CONVERSION = YES;
				CLANG_WARN_NON_LITERAL_NULL_CONVERSION = YES;
				CLANG_WARN_OBJC_IMPLICIT_RETAIN_SELF = YES;
				CLANG_WARN_OBJC_LITERAL_CONVERSION = YES;
				CLANG_WARN_OBJC_ROOT_CLASS = YES_ERROR;
				CLANG_WARN_QUOTED_INCLUDE_IN_FRAMEWORK_HEADER = YES;
				CLANG_WARN_RANGE_LOOP_ANALYSIS = YES;
				CLANG_WARN_STRICT_PROTOTYPES = YES;
				CLANG_WARN_SUSPICIOUS_MOVE = YES;
				CLANG_WARN_UNGUARDED_AVAILABILITY = YES_AGGRESSIVE;
				CLANG_WARN_UNREACHABLE_CODE = YES;
				CLANG_WARN__DUPLICATE_METHOD_MATCH = YES;
				COPY_PHASE_STRIP = NO;
				DEBUG_INFORMATION_FORMAT = dwarf;
				ENABLE_STRICT_OBJC_MSGSEND = YES;
				ENABLE_TESTABILITY = YES;
				ENABLE_USER_SCRIPT_SANDBOXING = YES;
				GCC_C_LANGUAGE_STANDARD = gnu17;
				GCC_DYNAMIC_NO_PIC = NO;
				GCC_NO_COMMON_BLOCKS = YES;
				GCC_OPTIMIZATION_LEVEL = 0;
				GCC_PREPROCESSOR_DEFINITIONS = (
					"DEBUG=1",
					"$(inherited)",
				);
				GCC_WARN_64_TO_32_BIT_CONVERSION = YES;
				GCC_WARN_ABOUT_RETURN_TYPE = YES_ERROR;
				GCC_WARN_UNDECLARED_SELECTOR = YES;
				GCC_WARN_UNINITIALIZED_AUTOS = YES_AGGRESSIVE;
				GCC_WARN_UNUSED_FUNCTION = YES;
				GCC_WARN_UNUSED_VARIABLE = YES;
				IPHONEOS_DEPLOYMENT_TARGET = 17.4;
				LOCALIZATION_PREFERS_STRING_CATALOGS = YES;
				MTL_ENABLE_DEBUG_INFO = INCLUDE_SOURCE;
				MTL_FAST_MATH = YES;
				ONLY_ACTIVE_ARCH = YES;
				SDKROOT = iphoneos;
				SWIFT_ACTIVE_COMPILATION_CONDITIONS = "DEBUG $(inherited)";
				SWIFT_OPTIMIZATION_LEVEL = "-Onone";
			};
			name = Debug;
		};
		74CA833F2BA8A54A000B7139 /* Release */ = {
			isa = XCBuildConfiguration;
			buildSettings = {
				ALWAYS_SEARCH_USER_PATHS = NO;
				ASSETCATALOG_COMPILER_GENERATE_SWIFT_ASSET_SYMBOL_EXTENSIONS = YES;
				CLANG_ANALYZER_NONNULL = YES;
				CLANG_ANALYZER_NUMBER_OBJECT_CONVERSION = YES_AGGRESSIVE;
				CLANG_CXX_LANGUAGE_STANDARD = "gnu++20";
				CLANG_ENABLE_MODULES = YES;
				CLANG_ENABLE_OBJC_ARC = YES;
				CLANG_ENABLE_OBJC_WEAK = YES;
				CLANG_WARN_BLOCK_CAPTURE_AUTORELEASING = YES;
				CLANG_WARN_BOOL_CONVERSION = YES;
				CLANG_WARN_COMMA = YES;
				CLANG_WARN_CONSTANT_CONVERSION = YES;
				CLANG_WARN_DEPRECATED_OBJC_IMPLEMENTATIONS = YES;
				CLANG_WARN_DIRECT_OBJC_ISA_USAGE = YES_ERROR;
				CLANG_WARN_DOCUMENTATION_COMMENTS = YES;
				CLANG_WARN_EMPTY_BODY = YES;
				CLANG_WARN_ENUM_CONVERSION = YES;
				CLANG_WARN_INFINITE_RECURSION = YES;
				CLANG_WARN_INT_CONVERSION = YES;
				CLANG_WARN_NON_LITERAL_NULL_CONVERSION = YES;
				CLANG_WARN_OBJC_IMPLICIT_RETAIN_SELF = YES;
				CLANG_WARN_OBJC_LITERAL_CONVERSION = YES;
				CLANG_WARN_OBJC_ROOT_CLASS = YES_ERROR;
				CLANG_WARN_QUOTED_INCLUDE_IN_FRAMEWORK_HEADER = YES;
				CLANG_WARN_RANGE_LOOP_ANALYSIS = YES;
				CLANG_WARN_STRICT_PROTOTYPES = YES;
				CLANG_WARN_SUSPICIOUS_MOVE = YES;
				CLANG_WARN_UNGUARDED_AVAILABILITY = YES_AGGRESSIVE;
				CLANG_WARN_UNREACHABLE_CODE = YES;
				CLANG_WARN__DUPLICATE_METHOD_MATCH = YES;
				COPY_PHASE_STRIP = NO;
				DEBUG_INFORMATION_FORMAT = "dwarf-with-dsym";
				ENABLE_NS_ASSERTIONS = NO;
				ENABLE_STRICT_OBJC_MSGSEND = YES;
				ENABLE_USER_SCRIPT_SANDBOXING = YES;
				GCC_C_LANGUAGE_STANDARD = gnu17;
				GCC_NO_COMMON_BLOCKS = YES;
				GCC_WARN_64_TO_32_BIT_CONVERSION = YES;
				GCC_WARN_ABOUT_RETURN_TYPE = YES_ERROR;
				GCC_WARN_UNDECLARED_SELECTOR = YES;
				GCC_WARN_UNINITIALIZED_AUTOS = YES_AGGRESSIVE;
				GCC_WARN_UNUSED_FUNCTION = YES;
				GCC_WARN_UNUSED_VARIABLE = YES;
				IPHONEOS_DEPLOYMENT_TARGET = 17.4;
				LOCALIZATION_PREFERS_STRING_CATALOGS = YES;
				MTL_ENABLE_DEBUG_INFO = NO;
				MTL_FAST_MATH = YES;
				SDKROOT = iphoneos;
				SWIFT_COMPILATION_MODE = wholemodule;
				VALIDATE_PRODUCT = YES;
			};
			name = Release;
		};
		74CA83412BA8A54A000B7139 /* Debug */ = {
			isa = XCBuildConfiguration;
			buildSettings = {
				ASSETCATALOG_COMPILER_APPICON_NAME = AppIcon;
				ASSETCATALOG_COMPILER_GLOBAL_ACCENT_COLOR_NAME = AccentColor;
				CODE_SIGN_STYLE = Automatic;
				CURRENT_PROJECT_VERSION = 1;
				DEVELOPMENT_TEAM = PQM28NC327;
				GENERATE_INFOPLIST_FILE = YES;
				INFOPLIST_FILE = Reciplease/Ressource/Info.plist;
				INFOPLIST_KEY_LSApplicationCategoryType = "";
				INFOPLIST_KEY_UIApplicationSupportsIndirectInputEvents = YES;
				INFOPLIST_KEY_UILaunchStoryboardName = LaunchScreen.storyboard;
				INFOPLIST_KEY_UIMainStoryboardFile = Main;
				INFOPLIST_KEY_UISupportedInterfaceOrientations = UIInterfaceOrientationPortrait;
				INFOPLIST_KEY_UISupportedInterfaceOrientations_iPad = "UIInterfaceOrientationLandscapeLeft UIInterfaceOrientationLandscapeRight UIInterfaceOrientationPortrait UIInterfaceOrientationPortraitUpsideDown";
				IPHONEOS_DEPLOYMENT_TARGET = 17.0;
				LD_RUNPATH_SEARCH_PATHS = (
					"$(inherited)",
					"@executable_path/Frameworks",
				);
				MARKETING_VERSION = 1.0;
				PRODUCT_BUNDLE_IDENTIFIER = com.fxm.Reciplease;
				PRODUCT_NAME = "$(TARGET_NAME)";
				SUPPORTED_PLATFORMS = "iphoneos iphonesimulator";
				SUPPORTS_MACCATALYST = NO;
				SUPPORTS_MAC_DESIGNED_FOR_IPHONE_IPAD = NO;
				SUPPORTS_XR_DESIGNED_FOR_IPHONE_IPAD = NO;
				SWIFT_EMIT_LOC_STRINGS = YES;
				SWIFT_VERSION = 5.0;
				TARGETED_DEVICE_FAMILY = 1;
			};
			name = Debug;
		};
		74CA83422BA8A54A000B7139 /* Release */ = {
			isa = XCBuildConfiguration;
			buildSettings = {
				ASSETCATALOG_COMPILER_APPICON_NAME = AppIcon;
				ASSETCATALOG_COMPILER_GLOBAL_ACCENT_COLOR_NAME = AccentColor;
				CODE_SIGN_STYLE = Automatic;
				CURRENT_PROJECT_VERSION = 1;
				DEVELOPMENT_TEAM = PQM28NC327;
				GENERATE_INFOPLIST_FILE = YES;
				INFOPLIST_FILE = Reciplease/Ressource/Info.plist;
				INFOPLIST_KEY_LSApplicationCategoryType = "";
				INFOPLIST_KEY_UIApplicationSupportsIndirectInputEvents = YES;
				INFOPLIST_KEY_UILaunchStoryboardName = LaunchScreen.storyboard;
				INFOPLIST_KEY_UIMainStoryboardFile = Main;
				INFOPLIST_KEY_UISupportedInterfaceOrientations = UIInterfaceOrientationPortrait;
				INFOPLIST_KEY_UISupportedInterfaceOrientations_iPad = "UIInterfaceOrientationLandscapeLeft UIInterfaceOrientationLandscapeRight UIInterfaceOrientationPortrait UIInterfaceOrientationPortraitUpsideDown";
				IPHONEOS_DEPLOYMENT_TARGET = 17.0;
				LD_RUNPATH_SEARCH_PATHS = (
					"$(inherited)",
					"@executable_path/Frameworks",
				);
				MARKETING_VERSION = 1.0;
				PRODUCT_BUNDLE_IDENTIFIER = com.fxm.Reciplease;
				PRODUCT_NAME = "$(TARGET_NAME)";
				SUPPORTED_PLATFORMS = "iphoneos iphonesimulator";
				SUPPORTS_MACCATALYST = NO;
				SUPPORTS_MAC_DESIGNED_FOR_IPHONE_IPAD = NO;
				SUPPORTS_XR_DESIGNED_FOR_IPHONE_IPAD = NO;
				SWIFT_EMIT_LOC_STRINGS = YES;
				SWIFT_VERSION = 5.0;
				TARGETED_DEVICE_FAMILY = 1;
			};
			name = Release;
		};
		74CA83442BA8A54A000B7139 /* Debug */ = {
			isa = XCBuildConfiguration;
			buildSettings = {
				ALWAYS_EMBED_SWIFT_STANDARD_LIBRARIES = YES;
				BUNDLE_LOADER = "$(TEST_HOST)";
				CODE_SIGN_STYLE = Automatic;
				CURRENT_PROJECT_VERSION = 1;
				DEVELOPMENT_TEAM = PQM28NC327;
				GENERATE_INFOPLIST_FILE = YES;
				IPHONEOS_DEPLOYMENT_TARGET = 17.0;
				MARKETING_VERSION = 1.0;
				PRODUCT_BUNDLE_IDENTIFIER = com.fxm.RecipleaseTests;
				PRODUCT_NAME = "$(TARGET_NAME)";
				SWIFT_EMIT_LOC_STRINGS = NO;
				SWIFT_VERSION = 5.0;
				TARGETED_DEVICE_FAMILY = "1,2";
				TEST_HOST = "$(BUILT_PRODUCTS_DIR)/Reciplease.app/$(BUNDLE_EXECUTABLE_FOLDER_PATH)/Reciplease";
			};
			name = Debug;
		};
		74CA83452BA8A54A000B7139 /* Release */ = {
			isa = XCBuildConfiguration;
			buildSettings = {
				ALWAYS_EMBED_SWIFT_STANDARD_LIBRARIES = YES;
				BUNDLE_LOADER = "$(TEST_HOST)";
				CODE_SIGN_STYLE = Automatic;
				CURRENT_PROJECT_VERSION = 1;
				DEVELOPMENT_TEAM = PQM28NC327;
				GENERATE_INFOPLIST_FILE = YES;
				IPHONEOS_DEPLOYMENT_TARGET = 17.0;
				MARKETING_VERSION = 1.0;
				PRODUCT_BUNDLE_IDENTIFIER = com.fxm.RecipleaseTests;
				PRODUCT_NAME = "$(TARGET_NAME)";
				SWIFT_EMIT_LOC_STRINGS = NO;
				SWIFT_VERSION = 5.0;
				TARGETED_DEVICE_FAMILY = "1,2";
				TEST_HOST = "$(BUILT_PRODUCTS_DIR)/Reciplease.app/$(BUNDLE_EXECUTABLE_FOLDER_PATH)/Reciplease";
			};
			name = Release;
		};
		74CA83472BA8A54A000B7139 /* Debug */ = {
			isa = XCBuildConfiguration;
			buildSettings = {
				ALWAYS_EMBED_SWIFT_STANDARD_LIBRARIES = YES;
				CODE_SIGN_STYLE = Automatic;
				CURRENT_PROJECT_VERSION = 1;
				DEVELOPMENT_TEAM = PQM28NC327;
				GENERATE_INFOPLIST_FILE = YES;
				MARKETING_VERSION = 1.0;
				PRODUCT_BUNDLE_IDENTIFIER = com.fxm.RecipleaseUITests;
				PRODUCT_NAME = "$(TARGET_NAME)";
				SWIFT_EMIT_LOC_STRINGS = NO;
				SWIFT_VERSION = 5.0;
				TARGETED_DEVICE_FAMILY = "1,2";
				TEST_TARGET_NAME = Reciplease;
			};
			name = Debug;
		};
		74CA83482BA8A54A000B7139 /* Release */ = {
			isa = XCBuildConfiguration;
			buildSettings = {
				ALWAYS_EMBED_SWIFT_STANDARD_LIBRARIES = YES;
				CODE_SIGN_STYLE = Automatic;
				CURRENT_PROJECT_VERSION = 1;
				DEVELOPMENT_TEAM = PQM28NC327;
				GENERATE_INFOPLIST_FILE = YES;
				MARKETING_VERSION = 1.0;
				PRODUCT_BUNDLE_IDENTIFIER = com.fxm.RecipleaseUITests;
				PRODUCT_NAME = "$(TARGET_NAME)";
				SWIFT_EMIT_LOC_STRINGS = NO;
				SWIFT_VERSION = 5.0;
				TARGETED_DEVICE_FAMILY = "1,2";
				TEST_TARGET_NAME = Reciplease;
			};
			name = Release;
		};
/* End XCBuildConfiguration section */

/* Begin XCConfigurationList section */
		74CA83112BA8A548000B7139 /* Build configuration list for PBXProject "Reciplease" */ = {
			isa = XCConfigurationList;
			buildConfigurations = (
				74CA833E2BA8A54A000B7139 /* Debug */,
				74CA833F2BA8A54A000B7139 /* Release */,
			);
			defaultConfigurationIsVisible = 0;
			defaultConfigurationName = Release;
		};
		74CA83402BA8A54A000B7139 /* Build configuration list for PBXNativeTarget "Reciplease" */ = {
			isa = XCConfigurationList;
			buildConfigurations = (
				74CA83412BA8A54A000B7139 /* Debug */,
				74CA83422BA8A54A000B7139 /* Release */,
			);
			defaultConfigurationIsVisible = 0;
			defaultConfigurationName = Release;
		};
		74CA83432BA8A54A000B7139 /* Build configuration list for PBXNativeTarget "RecipleaseTests" */ = {
			isa = XCConfigurationList;
			buildConfigurations = (
				74CA83442BA8A54A000B7139 /* Debug */,
				74CA83452BA8A54A000B7139 /* Release */,
			);
			defaultConfigurationIsVisible = 0;
			defaultConfigurationName = Release;
		};
		74CA83462BA8A54A000B7139 /* Build configuration list for PBXNativeTarget "RecipleaseUITests" */ = {
			isa = XCConfigurationList;
			buildConfigurations = (
				74CA83472BA8A54A000B7139 /* Debug */,
				74CA83482BA8A54A000B7139 /* Release */,
			);
			defaultConfigurationIsVisible = 0;
			defaultConfigurationName = Release;
		};
/* End XCConfigurationList section */

/* Begin XCRemoteSwiftPackageReference section */
		74B0C4EB2BB09EC200D926D7 /* XCRemoteSwiftPackageReference "Alamofire" */ = {
			isa = XCRemoteSwiftPackageReference;
			repositoryURL = "https://github.com/Alamofire/Alamofire.git";
			requirement = {
				kind = upToNextMajorVersion;
				minimumVersion = 5.9.0;
			};
		};
/* End XCRemoteSwiftPackageReference section */

/* Begin XCSwiftPackageProductDependency section */
		74B0C4EC2BB09EC200D926D7 /* Alamofire */ = {
			isa = XCSwiftPackageProductDependency;
			package = 74B0C4EB2BB09EC200D926D7 /* XCRemoteSwiftPackageReference "Alamofire" */;
			productName = Alamofire;
		};
/* End XCSwiftPackageProductDependency section */

/* Begin XCVersionGroup section */
		74FB1C222BB5EB730014BD18 /* RecipeCoreDataModel.xcdatamodeld */ = {
			isa = XCVersionGroup;
			children = (
				74FB1C232BB5EB730014BD18 /* RecipeCoreDataModel.xcdatamodel */,
			);
			currentVersion = 74FB1C232BB5EB730014BD18 /* RecipeCoreDataModel.xcdatamodel */;
			name = RecipeCoreDataModel.xcdatamodeld;
			path = "/Users/babydev/Documents/OpenClassRooms/Projet 10/Reciplease/Reciplease/Reciplease/Model/CoreData/RecipeCoreDataModel.xcdatamodeld";
			sourceTree = "<group>";
			versionGroupType = wrapper.xcdatamodel;
		};
/* End XCVersionGroup section */
	};
	rootObject = 74CA830E2BA8A548000B7139 /* Project object */;
}
